github.com/dzello/reveal-hugo v0.0.0-20220710134748-1c7822db0cf2 h1:8HLH/Bt9+oK+/hu/HxPUlyMbo3WUUxrDkM2aw7IzBXg=
github.com/dzello/reveal-hugo v0.0.0-20220710134748-1c7822db0cf2/go.mod h1:0S5eDEdHBx8tSj8veo9lUnuJRXa8WqmpANd0Lz7CLc8=
github.com/matcornic/hugo-theme-learn v0.0.0-20211028190410-e817f53d690d h1:p7ktiW/GnHccjB9oO5YGY7us5v/oHmkyF0C7EDZFM3s=
github.com/matcornic/hugo-theme-learn v0.0.0-20211028190410-e817f53d690d/go.mod h1:YoToDcvQxmAFhpEuapKUysBDEBckqDEssqTrmeZ2+uY=
